{
  "name": "lesson",
  "version": "1.0.0",
  "lockfileVersion": 1,
  "requires": true,
  "dependencies": {
    "ricsi-getinput": {
      "version": "git+https://github.com/asec/ricsi-getInput.git#cd655621382d27bdf23a625203ebec03c3724709",
      "from": "git+https://github.com/asec/ricsi-getInput.git"
    }
  }
}
